// !$*UTF8*$!
{
	archiveVersion = 1;
	classes = {
	};
	objectVersion = 55;
	objects = {

/* Begin PBXBuildFile section */
		8F56AED2288AE2A400652022 /* AppDelegate.swift in Sources */ = {isa = PBXBuildFile; fileRef = 8F56AED1288AE2A400652022 /* AppDelegate.swift */; };
		8F56AED4288AE2A400652022 /* SceneDelegate.swift in Sources */ = {isa = PBXBuildFile; fileRef = 8F56AED3288AE2A400652022 /* SceneDelegate.swift */; };
		8F56AED6288AE2A400652022 /* ViewController.swift in Sources */ = {isa = PBXBuildFile; fileRef = 8F56AED5288AE2A400652022 /* ViewController.swift */; };
		8F56AED9288AE2A400652022 /* Main.storyboard in Resources */ = {isa = PBXBuildFile; fileRef = 8F56AED7288AE2A400652022 /* Main.storyboard */; };
		8F56AEDB288AE2A500652022 /* Assets.xcassets in Resources */ = {isa = PBXBuildFile; fileRef = 8F56AEDA288AE2A500652022 /* Assets.xcassets */; };
		8F56AEDE288AE2A500652022 /* LaunchScreen.storyboard in Resources */ = {isa = PBXBuildFile; fileRef = 8F56AEDC288AE2A500652022 /* LaunchScreen.storyboard */; };
		8F56AEE6288CDB1600652022 /* LoginViewController.swift in Sources */ = {isa = PBXBuildFile; fileRef = 8F56AEE5288CDB1600652022 /* LoginViewController.swift */; };
		8F56AEE8288CDB3700652022 /* SignupViewController.swift in Sources */ = {isa = PBXBuildFile; fileRef = 8F56AEE7288CDB3700652022 /* SignupViewController.swift */; };
		8F56AEEA288CE27500652022 /* GoogleService-Info.plist in Resources */ = {isa = PBXBuildFile; fileRef = 8F56AEE9288CE27500652022 /* GoogleService-Info.plist */; };
		8F56AEEF288CF55C00652022 /* FirebaseAnalytics in Frameworks */ = {isa = PBXBuildFile; productRef = 8F56AEEE288CF55C00652022 /* FirebaseAnalytics */; };
		8F56AEF1288CF55C00652022 /* FirebaseAuth in Frameworks */ = {isa = PBXBuildFile; productRef = 8F56AEF0288CF55C00652022 /* FirebaseAuth */; };
		8F56AEF3288CF55C00652022 /* FirebaseFirestore in Frameworks */ = {isa = PBXBuildFile; productRef = 8F56AEF2288CF55C00652022 /* FirebaseFirestore */; };
		8F56AEF5288E3A7A00652022 /* HomeViewController.swift in Sources */ = {isa = PBXBuildFile; fileRef = 8F56AEF4288E3A7A00652022 /* HomeViewController.swift */; };
		8F56AEF8288E3FD600652022 /* FirebaseAnalytics in Frameworks */ = {isa = PBXBuildFile; productRef = 8F56AEF7288E3FD600652022 /* FirebaseAnalytics */; };
		8F56AEFA288E3FD600652022 /* FirebaseAuth in Frameworks */ = {isa = PBXBuildFile; productRef = 8F56AEF9288E3FD600652022 /* FirebaseAuth */; };
		8F56AEFC288E3FD600652022 /* FirebaseDatabase in Frameworks */ = {isa = PBXBuildFile; productRef = 8F56AEFB288E3FD600652022 /* FirebaseDatabase */; };
		8F56AEFE288E3FD600652022 /* FirebaseFirestore in Frameworks */ = {isa = PBXBuildFile; productRef = 8F56AEFD288E3FD600652022 /* FirebaseFirestore */; };
		8F56AF07288F0E8E00652022 /* Aoki Inline.otf in Resources */ = {isa = PBXBuildFile; fileRef = 8F56AF00288F0E8E00652022 /* Aoki Inline.otf */; };
		8F56AF08288F0E8E00652022 /* Aoki Regular.otf in Resources */ = {isa = PBXBuildFile; fileRef = 8F56AF01288F0E8E00652022 /* Aoki Regular.otf */; };
		8F56AF09288F0E8E00652022 /* Aoki Regular.woff in Resources */ = {isa = PBXBuildFile; fileRef = 8F56AF03288F0E8E00652022 /* Aoki Regular.woff */; };
		8F56AF0A288F0E8E00652022 /* Aoki Inline.woff in Resources */ = {isa = PBXBuildFile; fileRef = 8F56AF04288F0E8E00652022 /* Aoki Inline.woff */; };
		8F56AF0B288F0E8E00652022 /* Aoki Light.woff in Resources */ = {isa = PBXBuildFile; fileRef = 8F56AF05288F0E8E00652022 /* Aoki Light.woff */; };
		8F56AF0C288F0E8E00652022 /* Aoki Light.otf in Resources */ = {isa = PBXBuildFile; fileRef = 8F56AF06288F0E8E00652022 /* Aoki Light.otf */; };
		8F56AF19288F3B2A00652022 /* Typo_Round_Bold_Demo.otf in Resources */ = {isa = PBXBuildFile; fileRef = 8F56AF0E288F3B2A00652022 /* Typo_Round_Bold_Demo.otf */; };
		8F56AF1A288F3B2A00652022 /* Typo_Round_Light_Demo.otf in Resources */ = {isa = PBXBuildFile; fileRef = 8F56AF0F288F3B2A00652022 /* Typo_Round_Light_Demo.otf */; };
		8F56AF1B288F3B2A00652022 /* Typo_Round_Thin_Demo.otf in Resources */ = {isa = PBXBuildFile; fileRef = 8F56AF10288F3B2A00652022 /* Typo_Round_Thin_Demo.otf */; };
		8F56AF1C288F3B2A00652022 /* typo_round_1024.png in Resources */ = {isa = PBXBuildFile; fileRef = 8F56AF11288F3B2A00652022 /* typo_round_1024.png */; };
		8F56AF1D288F3B2A00652022 /* Typo_Round_Bold_Italic_Demo.otf in Resources */ = {isa = PBXBuildFile; fileRef = 8F56AF12288F3B2A00652022 /* Typo_Round_Bold_Italic_Demo.otf */; };
		8F56AF1E288F3B2A00652022 /* Typo_Round_Regular_Demo.otf in Resources */ = {isa = PBXBuildFile; fileRef = 8F56AF13288F3B2A00652022 /* Typo_Round_Regular_Demo.otf */; };
		8F56AF1F288F3B2A00652022 /* Typo Round test screen.url in Resources */ = {isa = PBXBuildFile; fileRef = 8F56AF14288F3B2A00652022 /* Typo Round test screen.url */; };
		8F56AF20288F3B2A00652022 /* Typo_Round_Light_Italic_Demo.otf in Resources */ = {isa = PBXBuildFile; fileRef = 8F56AF15288F3B2A00652022 /* Typo_Round_Light_Italic_Demo.otf */; };
		8F56AF21288F3B2A00652022 /* Read_Me.txt in Resources */ = {isa = PBXBuildFile; fileRef = 8F56AF16288F3B2A00652022 /* Read_Me.txt */; };
		8F56AF22288F3B2A00652022 /* Typo_Round_Italic_Demo.otf in Resources */ = {isa = PBXBuildFile; fileRef = 8F56AF17288F3B2A00652022 /* Typo_Round_Italic_Demo.otf */; };
		8F56AF23288F3B2A00652022 /* Typo_Round_Thin_Italic Demo.otf in Resources */ = {isa = PBXBuildFile; fileRef = 8F56AF18288F3B2A00652022 /* Typo_Round_Thin_Italic Demo.otf */; };
		8F56AF252890301E00652022 /* ControlTabViewController.swift in Sources */ = {isa = PBXBuildFile; fileRef = 8F56AF242890301E00652022 /* ControlTabViewController.swift */; };
		8F56AF272890538200652022 /* PlanTabViewController.swift in Sources */ = {isa = PBXBuildFile; fileRef = 8F56AF262890538200652022 /* PlanTabViewController.swift */; };
		8F56AF29289054CC00652022 /* RelaxTabViewController.swift in Sources */ = {isa = PBXBuildFile; fileRef = 8F56AF28289054CC00652022 /* RelaxTabViewController.swift */; };
		8F56AF2F289194FF00652022 /* TableViewController.swift in Sources */ = {isa = PBXBuildFile; fileRef = 8F56AF2E289194FF00652022 /* TableViewController.swift */; };
		8F56AF312891951200652022 /* TableViewCell.swift in Sources */ = {isa = PBXBuildFile; fileRef = 8F56AF302891951200652022 /* TableViewCell.swift */; };
		8F56AF332892DB1E00652022 /* TaskTableViewCell.swift in Sources */ = {isa = PBXBuildFile; fileRef = 8F56AF322892DB1E00652022 /* TaskTableViewCell.swift */; };
		8F56AF3528942E8200652022 /* PlanTableViewCell.swift in Sources */ = {isa = PBXBuildFile; fileRef = 8F56AF3428942E8200652022 /* PlanTableViewCell.swift */; };
/* End PBXBuildFile section */

/* Begin PBXFileReference section */
		8F56AECE288AE2A400652022 /* ProcastiNot - Harsharan Rakhra App.app */ = {isa = PBXFileReference; explicitFileType = wrapper.application; includeInIndex = 0; path = "ProcastiNot - Harsharan Rakhra App.app"; sourceTree = BUILT_PRODUCTS_DIR; };
		8F56AED1288AE2A400652022 /* AppDelegate.swift */ = {isa = PBXFileReference; lastKnownFileType = sourcecode.swift; path = AppDelegate.swift; sourceTree = "<group>"; };
		8F56AED3288AE2A400652022 /* SceneDelegate.swift */ = {isa = PBXFileReference; lastKnownFileType = sourcecode.swift; path = SceneDelegate.swift; sourceTree = "<group>"; };
		8F56AED5288AE2A400652022 /* ViewController.swift */ = {isa = PBXFileReference; lastKnownFileType = sourcecode.swift; path = ViewController.swift; sourceTree = "<group>"; };
		8F56AED8288AE2A400652022 /* Base */ = {isa = PBXFileReference; lastKnownFileType = file.storyboard; name = Base; path = Base.lproj/Main.storyboard; sourceTree = "<group>"; };
		8F56AEDA288AE2A500652022 /* Assets.xcassets */ = {isa = PBXFileReference; lastKnownFileType = folder.assetcatalog; path = Assets.xcassets; sourceTree = "<group>"; };
		8F56AEDD288AE2A500652022 /* Base */ = {isa = PBXFileReference; lastKnownFileType = file.storyboard; name = Base; path = Base.lproj/LaunchScreen.storyboard; sourceTree = "<group>"; };
		8F56AEDF288AE2A500652022 /* Info.plist */ = {isa = PBXFileReference; lastKnownFileType = text.plist.xml; path = Info.plist; sourceTree = "<group>"; };
		8F56AEE5288CDB1600652022 /* LoginViewController.swift */ = {isa = PBXFileReference; lastKnownFileType = sourcecode.swift; path = LoginViewController.swift; sourceTree = "<group>"; };
		8F56AEE7288CDB3700652022 /* SignupViewController.swift */ = {isa = PBXFileReference; lastKnownFileType = sourcecode.swift; path = SignupViewController.swift; sourceTree = "<group>"; };
		8F56AEE9288CE27500652022 /* GoogleService-Info.plist */ = {isa = PBXFileReference; fileEncoding = 4; lastKnownFileType = text.plist.xml; path = "GoogleService-Info.plist"; sourceTree = "<group>"; };
		8F56AEF4288E3A7A00652022 /* HomeViewController.swift */ = {isa = PBXFileReference; lastKnownFileType = sourcecode.swift; path = HomeViewController.swift; sourceTree = "<group>"; };
		8F56AF00288F0E8E00652022 /* Aoki Inline.otf */ = {isa = PBXFileReference; lastKnownFileType = file; path = "Aoki Inline.otf"; sourceTree = "<group>"; };
		8F56AF01288F0E8E00652022 /* Aoki Regular.otf */ = {isa = PBXFileReference; lastKnownFileType = file; path = "Aoki Regular.otf"; sourceTree = "<group>"; };
		8F56AF03288F0E8E00652022 /* Aoki Regular.woff */ = {isa = PBXFileReference; lastKnownFileType = file; path = "Aoki Regular.woff"; sourceTree = "<group>"; };
		8F56AF04288F0E8E00652022 /* Aoki Inline.woff */ = {isa = PBXFileReference; lastKnownFileType = file; path = "Aoki Inline.woff"; sourceTree = "<group>"; };
		8F56AF05288F0E8E00652022 /* Aoki Light.woff */ = {isa = PBXFileReference; lastKnownFileType = file; path = "Aoki Light.woff"; sourceTree = "<group>"; };
		8F56AF06288F0E8E00652022 /* Aoki Light.otf */ = {isa = PBXFileReference; lastKnownFileType = file; path = "Aoki Light.otf"; sourceTree = "<group>"; };
		8F56AF0E288F3B2A00652022 /* Typo_Round_Bold_Demo.otf */ = {isa = PBXFileReference; lastKnownFileType = file; path = Typo_Round_Bold_Demo.otf; sourceTree = "<group>"; };
		8F56AF0F288F3B2A00652022 /* Typo_Round_Light_Demo.otf */ = {isa = PBXFileReference; lastKnownFileType = file; path = Typo_Round_Light_Demo.otf; sourceTree = "<group>"; };
		8F56AF10288F3B2A00652022 /* Typo_Round_Thin_Demo.otf */ = {isa = PBXFileReference; lastKnownFileType = file; path = Typo_Round_Thin_Demo.otf; sourceTree = "<group>"; };
		8F56AF11288F3B2A00652022 /* typo_round_1024.png */ = {isa = PBXFileReference; lastKnownFileType = image.png; path = typo_round_1024.png; sourceTree = "<group>"; };
		8F56AF12288F3B2A00652022 /* Typo_Round_Bold_Italic_Demo.otf */ = {isa = PBXFileReference; lastKnownFileType = file; path = Typo_Round_Bold_Italic_Demo.otf; sourceTree = "<group>"; };
		8F56AF13288F3B2A00652022 /* Typo_Round_Regular_Demo.otf */ = {isa = PBXFileReference; lastKnownFileType = file; path = Typo_Round_Regular_Demo.otf; sourceTree = "<group>"; };
		8F56AF14288F3B2A00652022 /* Typo Round test screen.url */ = {isa = PBXFileReference; fileEncoding = 4; lastKnownFileType = text; path = "Typo Round test screen.url"; sourceTree = "<group>"; };
		8F56AF15288F3B2A00652022 /* Typo_Round_Light_Italic_Demo.otf */ = {isa = PBXFileReference; lastKnownFileType = file; path = Typo_Round_Light_Italic_Demo.otf; sourceTree = "<group>"; };
		8F56AF16288F3B2A00652022 /* Read_Me.txt */ = {isa = PBXFileReference; fileEncoding = 4; lastKnownFileType = text; path = Read_Me.txt; sourceTree = "<group>"; };
		8F56AF17288F3B2A00652022 /* Typo_Round_Italic_Demo.otf */ = {isa = PBXFileReference; lastKnownFileType = file; path = Typo_Round_Italic_Demo.otf; sourceTree = "<group>"; };
		8F56AF18288F3B2A00652022 /* Typo_Round_Thin_Italic Demo.otf */ = {isa = PBXFileReference; lastKnownFileType = file; path = "Typo_Round_Thin_Italic Demo.otf"; sourceTree = "<group>"; };
		8F56AF242890301E00652022 /* ControlTabViewController.swift */ = {isa = PBXFileReference; lastKnownFileType = sourcecode.swift; path = ControlTabViewController.swift; sourceTree = "<group>"; };
		8F56AF262890538200652022 /* PlanTabViewController.swift */ = {isa = PBXFileReference; lastKnownFileType = sourcecode.swift; path = PlanTabViewController.swift; sourceTree = "<group>"; };
		8F56AF28289054CC00652022 /* RelaxTabViewController.swift */ = {isa = PBXFileReference; lastKnownFileType = sourcecode.swift; path = RelaxTabViewController.swift; sourceTree = "<group>"; };
		8F56AF2E289194FF00652022 /* TableViewController.swift */ = {isa = PBXFileReference; lastKnownFileType = sourcecode.swift; path = TableViewController.swift; sourceTree = "<group>"; };
		8F56AF302891951200652022 /* TableViewCell.swift */ = {isa = PBXFileReference; lastKnownFileType = sourcecode.swift; path = TableViewCell.swift; sourceTree = "<group>"; };
		8F56AF322892DB1E00652022 /* TaskTableViewCell.swift */ = {isa = PBXFileReference; lastKnownFileType = sourcecode.swift; path = TaskTableViewCell.swift; sourceTree = "<group>"; };
		8F56AF3428942E8200652022 /* PlanTableViewCell.swift */ = {isa = PBXFileReference; lastKnownFileType = sourcecode.swift; path = PlanTableViewCell.swift; sourceTree = "<group>"; };
/* End PBXFileReference section */

/* Begin PBXFrameworksBuildPhase section */
		8F56AECB288AE2A400652022 /* Frameworks */ = {
			isa = PBXFrameworksBuildPhase;
			buildActionMask = 2147483647;
			files = (
				8F56AEFC288E3FD600652022 /* FirebaseDatabase in Frameworks */,
				8F56AEEF288CF55C00652022 /* FirebaseAnalytics in Frameworks */,
				8F56AEFA288E3FD600652022 /* FirebaseAuth in Frameworks */,
				8F56AEF1288CF55C00652022 /* FirebaseAuth in Frameworks */,
				8F56AEF8288E3FD600652022 /* FirebaseAnalytics in Frameworks */,
				8F56AEF3288CF55C00652022 /* FirebaseFirestore in Frameworks */,
				8F56AEFE288E3FD600652022 /* FirebaseFirestore in Frameworks */,
			);
			runOnlyForDeploymentPostprocessing = 0;
		};
/* End PBXFrameworksBuildPhase section */

/* Begin PBXGroup section */
		8F56AEC5288AE2A400652022 = {
			isa = PBXGroup;
			children = (
				8F56AED0288AE2A400652022 /* ProcastiNot - Harsharan Rakhra App */,
				8F56AECF288AE2A400652022 /* Products */,
			);
			sourceTree = "<group>";
		};
		8F56AECF288AE2A400652022 /* Products */ = {
			isa = PBXGroup;
			children = (
				8F56AECE288AE2A400652022 /* ProcastiNot - Harsharan Rakhra App.app */,
			);
			name = Products;
			sourceTree = "<group>";
		};
		8F56AED0288AE2A400652022 /* ProcastiNot - Harsharan Rakhra App */ = {
			isa = PBXGroup;
			children = (
				8F56AEE9288CE27500652022 /* GoogleService-Info.plist */,
				8F56AED1288AE2A400652022 /* AppDelegate.swift */,
				8F56AED3288AE2A400652022 /* SceneDelegate.swift */,
				8F56AED5288AE2A400652022 /* ViewController.swift */,
				8F56AED7288AE2A400652022 /* Main.storyboard */,
				8F56AF28289054CC00652022 /* RelaxTabViewController.swift */,
				8F56AF262890538200652022 /* PlanTabViewController.swift */,
				8F56AF242890301E00652022 /* ControlTabViewController.swift */,
				8F56AF0D288F3B2A00652022 /* typo-round */,
				8F56AEE5288CDB1600652022 /* LoginViewController.swift */,
				8F56AEFF288F0E8E00652022 /* aoki-font */,
				8F56AEF4288E3A7A00652022 /* HomeViewController.swift */,
				8F56AEE7288CDB3700652022 /* SignupViewController.swift */,
				8F56AEDA288AE2A500652022 /* Assets.xcassets */,
				8F56AEDC288AE2A500652022 /* LaunchScreen.storyboard */,
				8F56AEDF288AE2A500652022 /* Info.plist */,
				8F56AF2E289194FF00652022 /* TableViewController.swift */,
				8F56AF302891951200652022 /* TableViewCell.swift */,
				8F56AF322892DB1E00652022 /* TaskTableViewCell.swift */,
				8F56AF3428942E8200652022 /* PlanTableViewCell.swift */,
			);
			path = "ProcastiNot - Harsharan Rakhra App";
			sourceTree = "<group>";
		};
		8F56AEFF288F0E8E00652022 /* aoki-font */ = {
			isa = PBXGroup;
			children = (
				8F56AF00288F0E8E00652022 /* Aoki Inline.otf */,
				8F56AF01288F0E8E00652022 /* Aoki Regular.otf */,
				8F56AF02288F0E8E00652022 /* Webfonts */,
				8F56AF06288F0E8E00652022 /* Aoki Light.otf */,
			);
			path = "aoki-font";
			sourceTree = "<group>";
		};
		8F56AF02288F0E8E00652022 /* Webfonts */ = {
			isa = PBXGroup;
			children = (
				8F56AF03288F0E8E00652022 /* Aoki Regular.woff */,
				8F56AF04288F0E8E00652022 /* Aoki Inline.woff */,
				8F56AF05288F0E8E00652022 /* Aoki Light.woff */,
			);
			path = Webfonts;
			sourceTree = "<group>";
		};
		8F56AF0D288F3B2A00652022 /* typo-round */ = {
			isa = PBXGroup;
			children = (
				8F56AF0E288F3B2A00652022 /* Typo_Round_Bold_Demo.otf */,
				8F56AF0F288F3B2A00652022 /* Typo_Round_Light_Demo.otf */,
				8F56AF10288F3B2A00652022 /* Typo_Round_Thin_Demo.otf */,
				8F56AF11288F3B2A00652022 /* typo_round_1024.png */,
				8F56AF12288F3B2A00652022 /* Typo_Round_Bold_Italic_Demo.otf */,
				8F56AF13288F3B2A00652022 /* Typo_Round_Regular_Demo.otf */,
				8F56AF14288F3B2A00652022 /* Typo Round test screen.url */,
				8F56AF15288F3B2A00652022 /* Typo_Round_Light_Italic_Demo.otf */,
				8F56AF16288F3B2A00652022 /* Read_Me.txt */,
				8F56AF17288F3B2A00652022 /* Typo_Round_Italic_Demo.otf */,
				8F56AF18288F3B2A00652022 /* Typo_Round_Thin_Italic Demo.otf */,
			);
			path = "typo-round";
			sourceTree = "<group>";
		};
/* End PBXGroup section */

/* Begin PBXNativeTarget section */
		8F56AECD288AE2A400652022 /* ProcastiNot - Harsharan Rakhra App */ = {
			isa = PBXNativeTarget;
			buildConfigurationList = 8F56AEE2288AE2A500652022 /* Build configuration list for PBXNativeTarget "ProcastiNot - Harsharan Rakhra App" */;
			buildPhases = (
				8F56AECA288AE2A400652022 /* Sources */,
				8F56AECB288AE2A400652022 /* Frameworks */,
				8F56AECC288AE2A400652022 /* Resources */,
			);
			buildRules = (
			);
			dependencies = (
			);
			name = "ProcastiNot - Harsharan Rakhra App";
			packageProductDependencies = (
				8F56AEEE288CF55C00652022 /* FirebaseAnalytics */,
				8F56AEF0288CF55C00652022 /* FirebaseAuth */,
				8F56AEF2288CF55C00652022 /* FirebaseFirestore */,
				8F56AEF7288E3FD600652022 /* FirebaseAnalytics */,
				8F56AEF9288E3FD600652022 /* FirebaseAuth */,
				8F56AEFB288E3FD600652022 /* FirebaseDatabase */,
				8F56AEFD288E3FD600652022 /* FirebaseFirestore */,
			);
			productName = "ProcastiNot - Harsharan Rakhra App";
			productReference = 8F56AECE288AE2A400652022 /* ProcastiNot - Harsharan Rakhra App.app */;
			productType = "com.apple.product-type.application";
		};
/* End PBXNativeTarget section */

/* Begin PBXProject section */
		8F56AEC6288AE2A400652022 /* Project object */ = {
			isa = PBXProject;
			attributes = {
				BuildIndependentTargetsInParallel = 1;
				LastSwiftUpdateCheck = 1340;
				LastUpgradeCheck = 1340;
				TargetAttributes = {
					8F56AECD288AE2A400652022 = {
						CreatedOnToolsVersion = 13.4.1;
					};
				};
			};
			buildConfigurationList = 8F56AEC9288AE2A400652022 /* Build configuration list for PBXProject "ProcastiNot - Harsharan Rakhra App" */;
			compatibilityVersion = "Xcode 13.0";
			developmentRegion = en;
			hasScannedForEncodings = 0;
			knownRegions = (
				en,
				Base,
			);
			mainGroup = 8F56AEC5288AE2A400652022;
			packageReferences = (
				8F56AEED288CF55C00652022 /* XCRemoteSwiftPackageReference "firebase-ios-sdk" */,
				8F56AEF6288E3FD600652022 /* XCRemoteSwiftPackageReference "firebase-ios-sdk" */,
			);
			productRefGroup = 8F56AECF288AE2A400652022 /* Products */;
			projectDirPath = "";
			projectRoot = "";
			targets = (
				8F56AECD288AE2A400652022 /* ProcastiNot - Harsharan Rakhra App */,
			);
		};
/* End PBXProject section */

/* Begin PBXResourcesBuildPhase section */
		8F56AECC288AE2A400652022 /* Resources */ = {
			isa = PBXResourcesBuildPhase;
			buildActionMask = 2147483647;
			files = (
				8F56AEDE288AE2A500652022 /* LaunchScreen.storyboard in Resources */,
				8F56AEEA288CE27500652022 /* GoogleService-Info.plist in Resources */,
				8F56AF1A288F3B2A00652022 /* Typo_Round_Light_Demo.otf in Resources */,
				8F56AF23288F3B2A00652022 /* Typo_Round_Thin_Italic Demo.otf in Resources */,
				8F56AF21288F3B2A00652022 /* Read_Me.txt in Resources */,
				8F56AEDB288AE2A500652022 /* Assets.xcassets in Resources */,
				8F56AF20288F3B2A00652022 /* Typo_Round_Light_Italic_Demo.otf in Resources */,
				8F56AF1D288F3B2A00652022 /* Typo_Round_Bold_Italic_Demo.otf in Resources */,
				8F56AF0A288F0E8E00652022 /* Aoki Inline.woff in Resources */,
				8F56AF09288F0E8E00652022 /* Aoki Regular.woff in Resources */,
				8F56AF22288F3B2A00652022 /* Typo_Round_Italic_Demo.otf in Resources */,
				8F56AF19288F3B2A00652022 /* Typo_Round_Bold_Demo.otf in Resources */,
				8F56AF08288F0E8E00652022 /* Aoki Regular.otf in Resources */,
				8F56AF1F288F3B2A00652022 /* Typo Round test screen.url in Resources */,
				8F56AED9288AE2A400652022 /* Main.storyboard in Resources */,
				8F56AF1E288F3B2A00652022 /* Typo_Round_Regular_Demo.otf in Resources */,
				8F56AF07288F0E8E00652022 /* Aoki Inline.otf in Resources */,
				8F56AF1B288F3B2A00652022 /* Typo_Round_Thin_Demo.otf in Resources */,
				8F56AF1C288F3B2A00652022 /* typo_round_1024.png in Resources */,
				8F56AF0B288F0E8E00652022 /* Aoki Light.woff in Resources */,
				8F56AF0C288F0E8E00652022 /* Aoki Light.otf in Resources */,
			);
			runOnlyForDeploymentPostprocessing = 0;
		};
/* End PBXResourcesBuildPhase section */

/* Begin PBXSourcesBuildPhase section */
		8F56AECA288AE2A400652022 /* Sources */ = {
			isa = PBXSourcesBuildPhase;
			buildActionMask = 2147483647;
			files = (
				8F56AEE6288CDB1600652022 /* LoginViewController.swift in Sources */,
				8F56AF3528942E8200652022 /* PlanTableViewCell.swift in Sources */,
				8F56AED6288AE2A400652022 /* ViewController.swift in Sources */,
				8F56AEE8288CDB3700652022 /* SignupViewController.swift in Sources */,
				8F56AF2F289194FF00652022 /* TableViewController.swift in Sources */,
				8F56AED2288AE2A400652022 /* AppDelegate.swift in Sources */,
				8F56AED4288AE2A400652022 /* SceneDelegate.swift in Sources */,
				8F56AF312891951200652022 /* TableViewCell.swift in Sources */,
				8F56AF252890301E00652022 /* ControlTabViewController.swift in Sources */,
				8F56AF332892DB1E00652022 /* TaskTableViewCell.swift in Sources */,
				8F56AEF5288E3A7A00652022 /* HomeViewController.swift in Sources */,
				8F56AF272890538200652022 /* PlanTabViewController.swift in Sources */,
				8F56AF29289054CC00652022 /* RelaxTabViewController.swift in Sources */,
			);
			runOnlyForDeploymentPostprocessing = 0;
		};
/* End PBXSourcesBuildPhase section */

/* Begin PBXVariantGroup section */
		8F56AED7288AE2A400652022 /* Main.storyboard */ = {
			isa = PBXVariantGroup;
			children = (
				8F56AED8288AE2A400652022 /* Base */,
			);
			name = Main.storyboard;
			sourceTree = "<group>";
		};
		8F56AEDC288AE2A500652022 /* LaunchScreen.storyboard */ = {
			isa = PBXVariantGroup;
			children = (
				8F56AEDD288AE2A500652022 /* Base */,
			);
			name = LaunchScreen.storyboard;
			sourceTree = "<group>";
		};
/* End PBXVariantGroup section */

/* Begin XCBuildConfiguration section */
		8F56AEE0288AE2A500652022 /* Debug */ = {
			isa = XCBuildConfiguration;
			buildSettings = {
				ALWAYS_SEARCH_USER_PATHS = NO;
				CLANG_ANALYZER_NONNULL = YES;
				CLANG_ANALYZER_NUMBER_OBJECT_CONVERSION = YES_AGGRESSIVE;
				CLANG_CXX_LANGUAGE_STANDARD = "gnu++17";
				CLANG_ENABLE_MODULES = YES;
				CLANG_ENABLE_OBJC_ARC = YES;
				CLANG_ENABLE_OBJC_WEAK = YES;
				CLANG_WARN_BLOCK_CAPTURE_AUTORELEASING = YES;
				CLANG_WARN_BOOL_CONVERSION = YES;
				CLANG_WARN_COMMA = YES;
				CLANG_WARN_CONSTANT_CONVERSION = YES;
				CLANG_WARN_DEPRECATED_OBJC_IMPLEMENTATIONS = YES;
				CLANG_WARN_DIRECT_OBJC_ISA_USAGE = YES_ERROR;
				CLANG_WARN_DOCUMENTATION_COMMENTS = YES;
				CLANG_WARN_EMPTY_BODY = YES;
				CLANG_WARN_ENUM_CONVERSION = YES;
				CLANG_WARN_INFINITE_RECURSION = YES;
				CLANG_WARN_INT_CONVERSION = YES;
				CLANG_WARN_NON_LITERAL_NULL_CONVERSION = YES;
				CLANG_WARN_OBJC_IMPLICIT_RETAIN_SELF = YES;
				CLANG_WARN_OBJC_LITERAL_CONVERSION = YES;
				CLANG_WARN_OBJC_ROOT_CLASS = YES_ERROR;
				CLANG_WARN_QUOTED_INCLUDE_IN_FRAMEWORK_HEADER = YES;
				CLANG_WARN_RANGE_LOOP_ANALYSIS = YES;
				CLANG_WARN_STRICT_PROTOTYPES = YES;
				CLANG_WARN_SUSPICIOUS_MOVE = YES;
				CLANG_WARN_UNGUARDED_AVAILABILITY = YES_AGGRESSIVE;
				CLANG_WARN_UNREACHABLE_CODE = YES;
				CLANG_WARN__DUPLICATE_METHOD_MATCH = YES;
				COPY_PHASE_STRIP = NO;
				DEBUG_INFORMATION_FORMAT = dwarf;
				ENABLE_STRICT_OBJC_MSGSEND = YES;
				ENABLE_TESTABILITY = YES;
				GCC_C_LANGUAGE_STANDARD = gnu11;
				GCC_DYNAMIC_NO_PIC = NO;
				GCC_NO_COMMON_BLOCKS = YES;
				GCC_OPTIMIZATION_LEVEL = 0;
				GCC_PREPROCESSOR_DEFINITIONS = (
					"DEBUG=1",
					"$(inherited)",
				);
				GCC_WARN_64_TO_32_BIT_CONVERSION = YES;
				GCC_WARN_ABOUT_RETURN_TYPE = YES_ERROR;
				GCC_WARN_UNDECLARED_SELECTOR = YES;
				GCC_WARN_UNINITIALIZED_AUTOS = YES_AGGRESSIVE;
				GCC_WARN_UNUSED_FUNCTION = YES;
				GCC_WARN_UNUSED_VARIABLE = YES;
				IPHONEOS_DEPLOYMENT_TARGET = 15.5;
				MTL_ENABLE_DEBUG_INFO = INCLUDE_SOURCE;
				MTL_FAST_MATH = YES;
				ONLY_ACTIVE_ARCH = YES;
				SDKROOT = iphoneos;
				SWIFT_ACTIVE_COMPILATION_CONDITIONS = DEBUG;
				SWIFT_OPTIMIZATION_LEVEL = "-Onone";
			};
			name = Debug;
		};
		8F56AEE1288AE2A500652022 /* Release */ = {
			isa = XCBuildConfiguration;
			buildSettings = {
				ALWAYS_SEARCH_USER_PATHS = NO;
				CLANG_ANALYZER_NONNULL = YES;
				CLANG_ANALYZER_NUMBER_OBJECT_CONVERSION = YES_AGGRESSIVE;
				CLANG_CXX_LANGUAGE_STANDARD = "gnu++17";
				CLANG_ENABLE_MODULES = YES;
				CLANG_ENABLE_OBJC_ARC = YES;
				CLANG_ENABLE_OBJC_WEAK = YES;
				CLANG_WARN_BLOCK_CAPTURE_AUTORELEASING = YES;
				CLANG_WARN_BOOL_CONVERSION = YES;
				CLANG_WARN_COMMA = YES;
				CLANG_WARN_CONSTANT_CONVERSION = YES;
				CLANG_WARN_DEPRECATED_OBJC_IMPLEMENTATIONS = YES;
				CLANG_WARN_DIRECT_OBJC_ISA_USAGE = YES_ERROR;
				CLANG_WARN_DOCUMENTATION_COMMENTS = YES;
				CLANG_WARN_EMPTY_BODY = YES;
				CLANG_WARN_ENUM_CONVERSION = YES;
				CLANG_WARN_INFINITE_RECURSION = YES;
				CLANG_WARN_INT_CONVERSION = YES;
				CLANG_WARN_NON_LITERAL_NULL_CONVERSION = YES;
				CLANG_WARN_OBJC_IMPLICIT_RETAIN_SELF = YES;
				CLANG_WARN_OBJC_LITERAL_CONVERSION = YES;
				CLANG_WARN_OBJC_ROOT_CLASS = YES_ERROR;
				CLANG_WARN_QUOTED_INCLUDE_IN_FRAMEWORK_HEADER = YES;
				CLANG_WARN_RANGE_LOOP_ANALYSIS = YES;
				CLANG_WARN_STRICT_PROTOTYPES = YES;
				CLANG_WARN_SUSPICIOUS_MOVE = YES;
				CLANG_WARN_UNGUARDED_AVAILABILITY = YES_AGGRESSIVE;
				CLANG_WARN_UNREACHABLE_CODE = YES;
				CLANG_WARN__DUPLICATE_METHOD_MATCH = YES;
				COPY_PHASE_STRIP = NO;
				DEBUG_INFORMATION_FORMAT = "dwarf-with-dsym";
				ENABLE_NS_ASSERTIONS = NO;
				ENABLE_STRICT_OBJC_MSGSEND = YES;
				GCC_C_LANGUAGE_STANDARD = gnu11;
				GCC_NO_COMMON_BLOCKS = YES;
				GCC_WARN_64_TO_32_BIT_CONVERSION = YES;
				GCC_WARN_ABOUT_RETURN_TYPE = YES_ERROR;
				GCC_WARN_UNDECLARED_SELECTOR = YES;
				GCC_WARN_UNINITIALIZED_AUTOS = YES_AGGRESSIVE;
				GCC_WARN_UNUSED_FUNCTION = YES;
				GCC_WARN_UNUSED_VARIABLE = YES;
				IPHONEOS_DEPLOYMENT_TARGET = 15.5;
				MTL_ENABLE_DEBUG_INFO = NO;
				MTL_FAST_MATH = YES;
				SDKROOT = iphoneos;
				SWIFT_COMPILATION_MODE = wholemodule;
				SWIFT_OPTIMIZATION_LEVEL = "-O";
				VALIDATE_PRODUCT = YES;
			};
			name = Release;
		};
		8F56AEE3288AE2A500652022 /* Debug */ = {
			isa = XCBuildConfiguration;
			buildSettings = {
				ASSETCATALOG_COMPILER_APPICON_NAME = AppIcon;
				ASSETCATALOG_COMPILER_GLOBAL_ACCENT_COLOR_NAME = AccentColor;
				CODE_SIGN_STYLE = Automatic;
				CURRENT_PROJECT_VERSION = 1;
				GENERATE_INFOPLIST_FILE = YES;
				INFOPLIST_FILE = "ProcastiNot - Harsharan Rakhra App/Info.plist";
				INFOPLIST_KEY_UIApplicationSupportsIndirectInputEvents = YES;
				INFOPLIST_KEY_UILaunchStoryboardName = LaunchScreen;
				INFOPLIST_KEY_UIMainStoryboardFile = Main;
				INFOPLIST_KEY_UISupportedInterfaceOrientations_iPad = "UIInterfaceOrientationPortrait UIInterfaceOrientationPortraitUpsideDown UIInterfaceOrientationLandscapeLeft UIInterfaceOrientationLandscapeRight";
				INFOPLIST_KEY_UISupportedInterfaceOrientations_iPhone = "UIInterfaceOrientationPortrait UIInterfaceOrientationLandscapeLeft UIInterfaceOrientationLandscapeRight";
				LD_RUNPATH_SEARCH_PATHS = (
					"$(inherited)",
					"@executable_path/Frameworks",
				);
				MARKETING_VERSION = 1.0;
				PRODUCT_BUNDLE_IDENTIFIER = "com.example.ProcastiNot---Harsharan-Rakhra-App";
				PRODUCT_NAME = "$(TARGET_NAME)";
				SWIFT_EMIT_LOC_STRINGS = YES;
				SWIFT_VERSION = 5.0;
				TARGETED_DEVICE_FAMILY = "1,2";
			};
			name = Debug;
		};
		8F56AEE4288AE2A500652022 /* Release */ = {
			isa = XCBuildConfiguration;
			buildSettings = {
				ASSETCATALOG_COMPILER_APPICON_NAME = AppIcon;
				ASSETCATALOG_COMPILER_GLOBAL_ACCENT_COLOR_NAME = AccentColor;
				CODE_SIGN_STYLE = Automatic;
				CURRENT_PROJECT_VERSION = 1;
				GENERATE_INFOPLIST_FILE = YES;
				INFOPLIST_FILE = "ProcastiNot - Harsharan Rakhra App/Info.plist";
				INFOPLIST_KEY_UIApplicationSupportsIndirectInputEvents = YES;
				INFOPLIST_KEY_UILaunchStoryboardName = LaunchScreen;
				INFOPLIST_KEY_UIMainStoryboardFile = Main;
				INFOPLIST_KEY_UISupportedInterfaceOrientations_iPad = "UIInterfaceOrientationPortrait UIInterfaceOrientationPortraitUpsideDown UIInterfaceOrientationLandscapeLeft UIInterfaceOrientationLandscapeRight";
				INFOPLIST_KEY_UISupportedInterfaceOrientations_iPhone = "UIInterfaceOrientationPortrait UIInterfaceOrientationLandscapeLeft UIInterfaceOrientationLandscapeRight";
				LD_RUNPATH_SEARCH_PATHS = (
					"$(inherited)",
					"@executable_path/Frameworks",
				);
				MARKETING_VERSION = 1.0;
				PRODUCT_BUNDLE_IDENTIFIER = "com.example.ProcastiNot---Harsharan-Rakhra-App";
				PRODUCT_NAME = "$(TARGET_NAME)";
				SWIFT_EMIT_LOC_STRINGS = YES;
				SWIFT_VERSION = 5.0;
				TARGETED_DEVICE_FAMILY = "1,2";
			};
			name = Release;
		};
/* End XCBuildConfiguration section */

/* Begin XCConfigurationList section */
		8F56AEC9288AE2A400652022 /* Build configuration list for PBXProject "ProcastiNot - Harsharan Rakhra App" */ = {
			isa = XCConfigurationList;
			buildConfigurations = (
				8F56AEE0288AE2A500652022 /* Debug */,
				8F56AEE1288AE2A500652022 /* Release */,
			);
			defaultConfigurationIsVisible = 0;
			defaultConfigurationName = Release;
		};
		8F56AEE2288AE2A500652022 /* Build configuration list for PBXNativeTarget "ProcastiNot - Harsharan Rakhra App" */ = {
			isa = XCConfigurationList;
			buildConfigurations = (
				8F56AEE3288AE2A500652022 /* Debug */,
				8F56AEE4288AE2A500652022 /* Release */,
			);
			defaultConfigurationIsVisible = 0;
			defaultConfigurationName = Release;
		};
/* End XCConfigurationList section */

/* Begin XCRemoteSwiftPackageReference section */
		8F56AEED288CF55C00652022 /* XCRemoteSwiftPackageReference "firebase-ios-sdk" */ = {
			isa = XCRemoteSwiftPackageReference;
			repositoryURL = "https://github.com/firebase/firebase-ios-sdk";
			requirement = {
				kind = upToNextMinorVersion;
				minimumVersion = 9.3.0;
			};
		};
		8F56AEF6288E3FD600652022 /* XCRemoteSwiftPackageReference "firebase-ios-sdk" */ = {
			isa = XCRemoteSwiftPackageReference;
			repositoryURL = "https://github.com/firebase/firebase-ios-sdk";
			requirement = {
				kind = upToNextMinorVersion;
				minimumVersion = 9.3.0;
			};
		};
/* End XCRemoteSwiftPackageReference section */

/* Begin XCSwiftPackageProductDependency section */
		8F56AEEE288CF55C00652022 /* FirebaseAnalytics */ = {
			isa = XCSwiftPackageProductDependency;
			package = 8F56AEED288CF55C00652022 /* XCRemoteSwiftPackageReference "firebase-ios-sdk" */;
			productName = FirebaseAnalytics;
		};
		8F56AEF0288CF55C00652022 /* FirebaseAuth */ = {
			isa = XCSwiftPackageProductDependency;
			package = 8F56AEED288CF55C00652022 /* XCRemoteSwiftPackageReference "firebase-ios-sdk" */;
			productName = FirebaseAuth;
		};
		8F56AEF2288CF55C00652022 /* FirebaseFirestore */ = {
			isa = XCSwiftPackageProductDependency;
			package = 8F56AEED288CF55C00652022 /* XCRemoteSwiftPackageReference "firebase-ios-sdk" */;
			productName = FirebaseFirestore;
		};
		8F56AEF7288E3FD600652022 /* FirebaseAnalytics */ = {
			isa = XCSwiftPackageProductDependency;
			package = 8F56AEED288CF55C00652022 /* XCRemoteSwiftPackageReference "firebase-ios-sdk" */;
			productName = FirebaseAnalytics;
		};
		8F56AEF9288E3FD600652022 /* FirebaseAuth */ = {
			isa = XCSwiftPackageProductDependency;
			package = 8F56AEED288CF55C00652022 /* XCRemoteSwiftPackageReference "firebase-ios-sdk" */;
			productName = FirebaseAuth;
		};
		8F56AEFB288E3FD600652022 /* FirebaseDatabase */ = {
			isa = XCSwiftPackageProductDependency;
			package = 8F56AEED288CF55C00652022 /* XCRemoteSwiftPackageReference "firebase-ios-sdk" */;
			productName = FirebaseDatabase;
		};
		8F56AEFD288E3FD600652022 /* FirebaseFirestore */ = {
			isa = XCSwiftPackageProductDependency;
			package = 8F56AEED288CF55C00652022 /* XCRemoteSwiftPackageReference "firebase-ios-sdk" */;
			productName = FirebaseFirestore;
		};
/* End XCSwiftPackageProductDependency section */
	};
	rootObject = 8F56AEC6288AE2A400652022 /* Project object */;
}
